
Microsoft Visual Studio Solution File, Format Version 12.00
# Visual Studio Version 17
VisualStudioVersion = 17.13.35931.197 d17.13
MinimumVisualStudioVersion = 10.0.40219.1
Project("{2150E333-8FDC-42A3-9474-1A3956D46DE8}") = "API", "API", "{02EA681E-C7D8-13C7-8484-4AC65E1B71E8}"
EndProject
Project("{2150E333-8FDC-42A3-9474-1A3956D46DE8}") = "FRONTEND", "FRONTEND", "{A8213923-83FA-4305-B71A-C38D1AEC4A16}"
EndProject
Project("{2150E333-8FDC-42A3-9474-1A3956D46DE8}") = "TODO", "TODO", "{65D5D9CA-1CDB-4AE9-ACB0-FC044D42019D}"
EndProject
Project("{FAE04EC0-301F-11D3-BF4B-00C04F79EFBC}") = "Hotel.WebApi", "API\Hotel.WebApi\Hotel.WebApi.csproj", "{5CB68BC3-3DD9-4D79-A228-F49211A5E7F8}"
EndProject
Project("{FAE04EC0-301F-11D3-BF4B-00C04F79EFBC}") = "Hotel.EntityLayer", "API\Hotel.EntityLayer\Hotel.EntityLayer.csproj", "{B4C11621-A037-4CE4-9A87-E4C89700D7CF}"
EndProject
Project("{FAE04EC0-301F-11D3-BF4B-00C04F79EFBC}") = "Hotel.DAL", "API\Hotel.DAL\Hotel.DAL.csproj", "{03F6153E-EB1D-4843-AD8D-CE7776800ECD}"
EndProject
Project("{FAE04EC0-301F-11D3-BF4B-00C04F79EFBC}") = "Hotel.BusinessLayer", "API\Hotel.BusinessLayer\Hotel.BusinessLayer.csproj", "{0FB29F5D-5A5B-4D4C-A785-DA99AE32F290}"
EndProject
Project("{FAE04EC0-301F-11D3-BF4B-00C04F79EFBC}") = "Hotel.DTOLayer", "API\Hotel.DTOLayer\Hotel.DTOLayer.csproj", "{3E559D6F-86A0-4084-8EE8-A5215CB1C7F5}"
EndProject
Project("{FAE04EC0-301F-11D3-BF4B-00C04F79EFBC}") = "Hotel.WebUI", "FRONTEND\Hotel.WebUI\Hotel.WebUI.csproj", "{F6DDB105-3864-41FA-9472-1A92FEFDFBD9}"
EndProject
Global
	GlobalSection(SolutionConfigurationPlatforms) = preSolution
		Debug|Any CPU = Debug|Any CPU
		Release|Any CPU = Release|Any CPU
	EndGlobalSection
	GlobalSection(ProjectConfigurationPlatforms) = postSolution
		{5CB68BC3-3DD9-4D79-A228-F49211A5E7F8}.Debug|Any CPU.ActiveCfg = Debug|Any CPU
		{5CB68BC3-3DD9-4D79-A228-F49211A5E7F8}.Debug|Any CPU.Build.0 = Debug|Any CPU
		{5CB68BC3-3DD9-4D79-A228-F49211A5E7F8}.Release|Any CPU.ActiveCfg = Release|Any CPU
		{5CB68BC3-3DD9-4D79-A228-F49211A5E7F8}.Release|Any CPU.Build.0 = Release|Any CPU
		{B4C11621-A037-4CE4-9A87-E4C89700D7CF}.Debug|Any CPU.ActiveCfg = Debug|Any CPU
		{B4C11621-A037-4CE4-9A87-E4C89700D7CF}.Debug|Any CPU.Build.0 = Debug|Any CPU
		{B4C11621-A037-4CE4-9A87-E4C89700D7CF}.Release|Any CPU.ActiveCfg = Release|Any CPU
		{B4C11621-A037-4CE4-9A87-E4C89700D7CF}.Release|Any CPU.Build.0 = Release|Any CPU
		{03F6153E-EB1D-4843-AD8D-CE7776800ECD}.Debug|Any CPU.ActiveCfg = Debug|Any CPU
		{03F6153E-EB1D-4843-AD8D-CE7776800ECD}.Debug|Any CPU.Build.0 = Debug|Any CPU
		{03F6153E-EB1D-4843-AD8D-CE7776800ECD}.Release|Any CPU.ActiveCfg = Release|Any CPU
		{03F6153E-EB1D-4843-AD8D-CE7776800ECD}.Release|Any CPU.Build.0 = Release|Any CPU
		{0FB29F5D-5A5B-4D4C-A785-DA99AE32F290}.Debug|Any CPU.ActiveCfg = Debug|Any CPU
		{0FB29F5D-5A5B-4D4C-A785-DA99AE32F290}.Debug|Any CPU.Build.0 = Debug|Any CPU
		{0FB29F5D-5A5B-4D4C-A785-DA99AE32F290}.Release|Any CPU.ActiveCfg = Release|Any CPU
		{0FB29F5D-5A5B-4D4C-A785-DA99AE32F290}.Release|Any CPU.Build.0 = Release|Any CPU
		{3E559D6F-86A0-4084-8EE8-A5215CB1C7F5}.Debug|Any CPU.ActiveCfg = Debug|Any CPU
		{3E559D6F-86A0-4084-8EE8-A5215CB1C7F5}.Debug|Any CPU.Build.0 = Debug|Any CPU
		{3E559D6F-86A0-4084-8EE8-A5215CB1C7F5}.Release|Any CPU.ActiveCfg = Release|Any CPU
		{3E559D6F-86A0-4084-8EE8-A5215CB1C7F5}.Release|Any CPU.Build.0 = Release|Any CPU
		{F6DDB105-3864-41FA-9472-1A92FEFDFBD9}.Debug|Any CPU.ActiveCfg = Debug|Any CPU
		{F6DDB105-3864-41FA-9472-1A92FEFDFBD9}.Debug|Any CPU.Build.0 = Debug|Any CPU
		{F6DDB105-3864-41FA-9472-1A92FEFDFBD9}.Release|Any CPU.ActiveCfg = Release|Any CPU
		{F6DDB105-3864-41FA-9472-1A92FEFDFBD9}.Release|Any CPU.Build.0 = Release|Any CPU
	EndGlobalSection
	GlobalSection(SolutionProperties) = preSolution
		HideSolutionNode = FALSE
	EndGlobalSection
	GlobalSection(NestedProjects) = preSolution
		{5CB68BC3-3DD9-4D79-A228-F49211A5E7F8} = {02EA681E-C7D8-13C7-8484-4AC65E1B71E8}
		{B4C11621-A037-4CE4-9A87-E4C89700D7CF} = {02EA681E-C7D8-13C7-8484-4AC65E1B71E8}
		{03F6153E-EB1D-4843-AD8D-CE7776800ECD} = {02EA681E-C7D8-13C7-8484-4AC65E1B71E8}
		{0FB29F5D-5A5B-4D4C-A785-DA99AE32F290} = {02EA681E-C7D8-13C7-8484-4AC65E1B71E8}
		{3E559D6F-86A0-4084-8EE8-A5215CB1C7F5} = {02EA681E-C7D8-13C7-8484-4AC65E1B71E8}
		{F6DDB105-3864-41FA-9472-1A92FEFDFBD9} = {A8213923-83FA-4305-B71A-C38D1AEC4A16}
	EndGlobalSection
	GlobalSection(ExtensibilityGlobals) = postSolution
		SolutionGuid = {8993C4D9-3191-49F5-81F0-60DFFE2D8FD1}
	EndGlobalSection
EndGlobal
